github.com/hashicorp/yamux v0.1.1 h1:yrQxtgseBDrq9Y652vSRDvsKCJKOUD+GzTS4Y0Y8pvE=
github.com/hashicorp/yamux v0.1.1/go.mod h1:CtWFDAQgb7dxtzFs4tWbplKIe2jSi3+5vKbgIO0SLnQ=
github.com/mhmtszr/concurrent-swiss-map v1.0.5 h1:kTtd7fXymclRnwNofVI+hFq8pFndehmuXAvlZOVFq/s=
github.com/mhmtszr/concurrent-swiss-map v1.0.5/go.mod h1:F6QETL48Qn7jEJ3ZPt7EqRZjAAZu7lRQeQGIzXuUIDc=
github.com/mitchellh/mapstructure v1.5.0 h1:jeMsZIYE/09sWLaz43PL7Gy6RuMjD2eJVyuac5Z2hdY=
github.com/mitchellh/mapstructure v1.5.0/go.mod h1:bFUtVrKA4DC2yAKiSyO/QUcy7e+RRV2QTWOzhPopBRo=
